<Solution>
  <Project Path="com.xx.easyaccessibility.Runtime.csproj" />
  <Project Path="com.xx.easyaccessibility.Editor.csproj" />
  <Project Path="com.xx.easyaccessibility.Editor.Tests.csproj" />
  <Project Path="Assembly-CSharp.csproj" />
  <Project Path="Assembly-CSharp-Editor.csproj" />
</Solution>
